
Microsoft Visual Studio Solution File, Format Version 12.00
# Visual Studio Version 16
VisualStudioVersion = 16.0.31205.134
MinimumVisualStudioVersion = 10.0.40219.1
Project("{9A19103F-16F7-4668-BE54-9A1E7A4F7556}") = "ProductAvailabilityService", "ProductAvailabilityService.csproj", "{4661A169-661C-4E2F-9E89-3B1FA85BFB72}"
EndProject
Global
	GlobalSection(SolutionConfigurationPlatforms) = preSolution
		Debug|Any CPU = Debug|Any CPU
		Release|Any CPU = Release|Any CPU
	EndGlobalSection
	GlobalSection(ProjectConfigurationPlatforms) = postSolution
		{4661A169-661C-4E2F-9E89-3B1FA85BFB72}.Debug|Any CPU.ActiveCfg = Debug|Any CPU
		{4661A169-661C-4E2F-9E89-3B1FA85BFB72}.Debug|Any CPU.Build.0 = Debug|Any CPU
		{4661A169-661C-4E2F-9E89-3B1FA85BFB72}.Release|Any CPU.ActiveCfg = Release|Any CPU
		{4661A169-661C-4E2F-9E89-3B1FA85BFB72}.Release|Any CPU.Build.0 = Release|Any CPU
	EndGlobalSection
	GlobalSection(SolutionProperties) = preSolution
		HideSolutionNode = FALSE
	EndGlobalSection
	GlobalSection(ExtensibilityGlobals) = postSolution
		SolutionGuid = {0995B103-70D0-4BA6-AA21-A49873AA51FA}
	EndGlobalSection
EndGlobal
